# THIS IS AN AUTOGENERATED FILE. DO NOT EDIT THIS FILE DIRECTLY.
# yarn lockfile v1


typescript@^4.5.0-dev.20211012:
  version "4.5.0-dev.20211012"
  resolved "https://registry.yarnpkg.com/typescript/-/typescript-4.5.0-dev.20211012.tgz#2a5f866fd7b5f13bef37a3127bef949619212405"
  integrity sha512-Kez4/9YMGMDEL8uDs+Gt0f82/5mBxMHCv4VqwL8lXB87+N94W1c02ocy9C0t0UYS8vaZgEJfR4HbQnS0IUdTdQ==
